
Microsoft Visual Studio Solution File, Format Version 12.00
# Visual Studio 15
VisualStudioVersion = 15.0.26124.0
MinimumVisualStudioVersion = 15.0.26124.0
Project("{FAE04EC0-301F-11D3-BF4B-00C04F79EFBC}") = "Domain", "Domain\Domain.csproj", "{F3AC5701-D2B9-4C6F-8E91-C052F5A4234F}"
EndProject
Project("{FAE04EC0-301F-11D3-BF4B-00C04F79EFBC}") = "API", "API\API.csproj", "{5BF74E48-1AD0-42F4-A18B-E1AA1E1F254A}"
EndProject
Project("{FAE04EC0-301F-11D3-BF4B-00C04F79EFBC}") = "Persistence", "Persistence\Persistence.csproj", "{0F31A577-03C8-4B00-99F7-4CDDCB53410E}"
EndProject
Project("{FAE04EC0-301F-11D3-BF4B-00C04F79EFBC}") = "Application", "application\Application.csproj", "{BF1D3880-2320-4240-BE6E-D7F0EAF28375}"
EndProject
Project("{FAE04EC0-301F-11D3-BF4B-00C04F79EFBC}") = "Infrastructure", "Infrastructure\Infrastructure.csproj", "{29A86363-EC3B-43D8-850A-66F7B543E4D6}"
EndProject
Global
	GlobalSection(SolutionConfigurationPlatforms) = preSolution
		Debug|Any CPU = Debug|Any CPU
		Debug|x64 = Debug|x64
		Debug|x86 = Debug|x86
		Release|Any CPU = Release|Any CPU
		Release|x64 = Release|x64
		Release|x86 = Release|x86
	EndGlobalSection
	GlobalSection(SolutionProperties) = preSolution
		HideSolutionNode = FALSE
	EndGlobalSection
	GlobalSection(ProjectConfigurationPlatforms) = postSolution
		{F3AC5701-D2B9-4C6F-8E91-C052F5A4234F}.Debug|Any CPU.ActiveCfg = Debug|Any CPU
		{F3AC5701-D2B9-4C6F-8E91-C052F5A4234F}.Debug|Any CPU.Build.0 = Debug|Any CPU
		{F3AC5701-D2B9-4C6F-8E91-C052F5A4234F}.Debug|x64.ActiveCfg = Debug|Any CPU
		{F3AC5701-D2B9-4C6F-8E91-C052F5A4234F}.Debug|x64.Build.0 = Debug|Any CPU
		{F3AC5701-D2B9-4C6F-8E91-C052F5A4234F}.Debug|x86.ActiveCfg = Debug|Any CPU
		{F3AC5701-D2B9-4C6F-8E91-C052F5A4234F}.Debug|x86.Build.0 = Debug|Any CPU
		{F3AC5701-D2B9-4C6F-8E91-C052F5A4234F}.Release|Any CPU.ActiveCfg = Release|Any CPU
		{F3AC5701-D2B9-4C6F-8E91-C052F5A4234F}.Release|Any CPU.Build.0 = Release|Any CPU
		{F3AC5701-D2B9-4C6F-8E91-C052F5A4234F}.Release|x64.ActiveCfg = Release|Any CPU
		{F3AC5701-D2B9-4C6F-8E91-C052F5A4234F}.Release|x64.Build.0 = Release|Any CPU
		{F3AC5701-D2B9-4C6F-8E91-C052F5A4234F}.Release|x86.ActiveCfg = Release|Any CPU
		{F3AC5701-D2B9-4C6F-8E91-C052F5A4234F}.Release|x86.Build.0 = Release|Any CPU
		{5BF74E48-1AD0-42F4-A18B-E1AA1E1F254A}.Debug|Any CPU.ActiveCfg = Debug|Any CPU
		{5BF74E48-1AD0-42F4-A18B-E1AA1E1F254A}.Debug|Any CPU.Build.0 = Debug|Any CPU
		{5BF74E48-1AD0-42F4-A18B-E1AA1E1F254A}.Debug|x64.ActiveCfg = Debug|Any CPU
		{5BF74E48-1AD0-42F4-A18B-E1AA1E1F254A}.Debug|x64.Build.0 = Debug|Any CPU
		{5BF74E48-1AD0-42F4-A18B-E1AA1E1F254A}.Debug|x86.ActiveCfg = Debug|Any CPU
		{5BF74E48-1AD0-42F4-A18B-E1AA1E1F254A}.Debug|x86.Build.0 = Debug|Any CPU
		{5BF74E48-1AD0-42F4-A18B-E1AA1E1F254A}.Release|Any CPU.ActiveCfg = Release|Any CPU
		{5BF74E48-1AD0-42F4-A18B-E1AA1E1F254A}.Release|Any CPU.Build.0 = Release|Any CPU
		{5BF74E48-1AD0-42F4-A18B-E1AA1E1F254A}.Release|x64.ActiveCfg = Release|Any CPU
		{5BF74E48-1AD0-42F4-A18B-E1AA1E1F254A}.Release|x64.Build.0 = Release|Any CPU
		{5BF74E48-1AD0-42F4-A18B-E1AA1E1F254A}.Release|x86.ActiveCfg = Release|Any CPU
		{5BF74E48-1AD0-42F4-A18B-E1AA1E1F254A}.Release|x86.Build.0 = Release|Any CPU
		{0F31A577-03C8-4B00-99F7-4CDDCB53410E}.Debug|Any CPU.ActiveCfg = Debug|Any CPU
		{0F31A577-03C8-4B00-99F7-4CDDCB53410E}.Debug|Any CPU.Build.0 = Debug|Any CPU
		{0F31A577-03C8-4B00-99F7-4CDDCB53410E}.Debug|x64.ActiveCfg = Debug|Any CPU
		{0F31A577-03C8-4B00-99F7-4CDDCB53410E}.Debug|x64.Build.0 = Debug|Any CPU
		{0F31A577-03C8-4B00-99F7-4CDDCB53410E}.Debug|x86.ActiveCfg = Debug|Any CPU
		{0F31A577-03C8-4B00-99F7-4CDDCB53410E}.Debug|x86.Build.0 = Debug|Any CPU
		{0F31A577-03C8-4B00-99F7-4CDDCB53410E}.Release|Any CPU.ActiveCfg = Release|Any CPU
		{0F31A577-03C8-4B00-99F7-4CDDCB53410E}.Release|Any CPU.Build.0 = Release|Any CPU
		{0F31A577-03C8-4B00-99F7-4CDDCB53410E}.Release|x64.ActiveCfg = Release|Any CPU
		{0F31A577-03C8-4B00-99F7-4CDDCB53410E}.Release|x64.Build.0 = Release|Any CPU
		{0F31A577-03C8-4B00-99F7-4CDDCB53410E}.Release|x86.ActiveCfg = Release|Any CPU
		{0F31A577-03C8-4B00-99F7-4CDDCB53410E}.Release|x86.Build.0 = Release|Any CPU
		{BF1D3880-2320-4240-BE6E-D7F0EAF28375}.Debug|Any CPU.ActiveCfg = Debug|Any CPU
		{BF1D3880-2320-4240-BE6E-D7F0EAF28375}.Debug|Any CPU.Build.0 = Debug|Any CPU
		{BF1D3880-2320-4240-BE6E-D7F0EAF28375}.Debug|x64.ActiveCfg = Debug|Any CPU
		{BF1D3880-2320-4240-BE6E-D7F0EAF28375}.Debug|x64.Build.0 = Debug|Any CPU
		{BF1D3880-2320-4240-BE6E-D7F0EAF28375}.Debug|x86.ActiveCfg = Debug|Any CPU
		{BF1D3880-2320-4240-BE6E-D7F0EAF28375}.Debug|x86.Build.0 = Debug|Any CPU
		{BF1D3880-2320-4240-BE6E-D7F0EAF28375}.Release|Any CPU.ActiveCfg = Release|Any CPU
		{BF1D3880-2320-4240-BE6E-D7F0EAF28375}.Release|Any CPU.Build.0 = Release|Any CPU
		{BF1D3880-2320-4240-BE6E-D7F0EAF28375}.Release|x64.ActiveCfg = Release|Any CPU
		{BF1D3880-2320-4240-BE6E-D7F0EAF28375}.Release|x64.Build.0 = Release|Any CPU
		{BF1D3880-2320-4240-BE6E-D7F0EAF28375}.Release|x86.ActiveCfg = Release|Any CPU
		{BF1D3880-2320-4240-BE6E-D7F0EAF28375}.Release|x86.Build.0 = Release|Any CPU
		{29A86363-EC3B-43D8-850A-66F7B543E4D6}.Debug|Any CPU.ActiveCfg = Debug|Any CPU
		{29A86363-EC3B-43D8-850A-66F7B543E4D6}.Debug|Any CPU.Build.0 = Debug|Any CPU
		{29A86363-EC3B-43D8-850A-66F7B543E4D6}.Debug|x64.ActiveCfg = Debug|Any CPU
		{29A86363-EC3B-43D8-850A-66F7B543E4D6}.Debug|x64.Build.0 = Debug|Any CPU
		{29A86363-EC3B-43D8-850A-66F7B543E4D6}.Debug|x86.ActiveCfg = Debug|Any CPU
		{29A86363-EC3B-43D8-850A-66F7B543E4D6}.Debug|x86.Build.0 = Debug|Any CPU
		{29A86363-EC3B-43D8-850A-66F7B543E4D6}.Release|Any CPU.ActiveCfg = Release|Any CPU
		{29A86363-EC3B-43D8-850A-66F7B543E4D6}.Release|Any CPU.Build.0 = Release|Any CPU
		{29A86363-EC3B-43D8-850A-66F7B543E4D6}.Release|x64.ActiveCfg = Release|Any CPU
		{29A86363-EC3B-43D8-850A-66F7B543E4D6}.Release|x64.Build.0 = Release|Any CPU
		{29A86363-EC3B-43D8-850A-66F7B543E4D6}.Release|x86.ActiveCfg = Release|Any CPU
		{29A86363-EC3B-43D8-850A-66F7B543E4D6}.Release|x86.Build.0 = Release|Any CPU
	EndGlobalSection
EndGlobal
